
Microsoft Visual Studio Solution File, Format Version 12.00
# Visual Studio Version 17
VisualStudioVersion = 17.4.33205.214
MinimumVisualStudioVersion = 10.0.40219.1
Project("{9A19103F-16F7-4668-BE54-9A1E7A4F7556}") = "SACCO System", "SACCO System\SACCO System.csproj", "{7540D5FB-E015-41AE-8BD9-CF879959E5B8}"
EndProject
Global
	GlobalSection(SolutionConfigurationPlatforms) = preSolution
		Debug|Any CPU = Debug|Any CPU
		Release|Any CPU = Release|Any CPU
	EndGlobalSection
	GlobalSection(ProjectConfigurationPlatforms) = postSolution
		{7540D5FB-E015-41AE-8BD9-CF879959E5B8}.Debug|Any CPU.ActiveCfg = Debug|Any CPU
		{7540D5FB-E015-41AE-8BD9-CF879959E5B8}.Debug|Any CPU.Build.0 = Debug|Any CPU
		{7540D5FB-E015-41AE-8BD9-CF879959E5B8}.Release|Any CPU.ActiveCfg = Release|Any CPU
		{7540D5FB-E015-41AE-8BD9-CF879959E5B8}.Release|Any CPU.Build.0 = Release|Any CPU
	EndGlobalSection
	GlobalSection(SolutionProperties) = preSolution
		HideSolutionNode = FALSE
	EndGlobalSection
	GlobalSection(ExtensibilityGlobals) = postSolution
		SolutionGuid = {53BBB80F-8436-406F-903D-1B91C6802503}
	EndGlobalSection
EndGlobal
